
Microsoft Visual Studio Solution File, Format Version 12.00
# Visual Studio Version 17
VisualStudioVersion = 17.9.34622.214
MinimumVisualStudioVersion = 10.0.40219.1
Project("{FAE04EC0-301F-11D3-BF4B-00C04F79EFBC}") = "PRELIM_LAB3_31A3_Xyrylle-Claire_Matiga", "PRELIM_LAB3_31A3_Xyrylle-Claire_Matiga.csproj", "{55610D33-A545-4B61-A9B3-E46137943DB5}"
EndProject
Global
	GlobalSection(SolutionConfigurationPlatforms) = preSolution
		Debug|Any CPU = Debug|Any CPU
		Release|Any CPU = Release|Any CPU
	EndGlobalSection
	GlobalSection(ProjectConfigurationPlatforms) = postSolution
		{55610D33-A545-4B61-A9B3-E46137943DB5}.Debug|Any CPU.ActiveCfg = Debug|Any CPU
		{55610D33-A545-4B61-A9B3-E46137943DB5}.Debug|Any CPU.Build.0 = Debug|Any CPU
		{55610D33-A545-4B61-A9B3-E46137943DB5}.Release|Any CPU.ActiveCfg = Release|Any CPU
		{55610D33-A545-4B61-A9B3-E46137943DB5}.Release|Any CPU.Build.0 = Release|Any CPU
	EndGlobalSection
	GlobalSection(SolutionProperties) = preSolution
		HideSolutionNode = FALSE
	EndGlobalSection
	GlobalSection(ExtensibilityGlobals) = postSolution
		SolutionGuid = {ABE71A19-0426-426F-AD23-86E8212AD470}
	EndGlobalSection
EndGlobal
